
Microsoft Visual Studio Solution File, Format Version 12.00
# Visual Studio Version 17
VisualStudioVersion = 17.11.35327.3
MinimumVisualStudioVersion = 10.0.40219.1
Project("{2150E333-8FDC-42A3-9474-1A3956D46DE8}") = "src", "src", "{499BCB2F-BC31-4E09-9A13-CFC5E1A30310}"
EndProject
Project("{2150E333-8FDC-42A3-9474-1A3956D46DE8}") = "tests", "tests", "{7F78EFAE-919A-4BCB-A316-58EA9D4EBFB2}"
EndProject
Project("{FAE04EC0-301F-11D3-BF4B-00C04F79EFBC}") = "ELBORAI.Domain", "ELBORAI.Domain\ELBORAI.Domain.csproj", "{5F4457AA-C087-400F-8CC5-1E5AFDB1D6F7}"
EndProject
Project("{FAE04EC0-301F-11D3-BF4B-00C04F79EFBC}") = "ELBORAI.Application", "ELBORAI.Application\ELBORAI.Application.csproj", "{08E495DE-84EE-4D4D-AB81-CADCF735D793}"
EndProject
Project("{FAE04EC0-301F-11D3-BF4B-00C04F79EFBC}") = "ELBORAI.Infrastructure", "ELBORAI.Infrastructure\ELBORAI.Infrastructure.csproj", "{2944C69B-C322-41A7-9576-B25A0222F77D}"
EndProject
Project("{FAE04EC0-301F-11D3-BF4B-00C04F79EFBC}") = "ELBORAI.API", "ELBORAI.API\ELBORAI.API.csproj", "{E25DF259-BBF5-4DB9-B63D-1C16780099B5}"
EndProject
Project("{FAE04EC0-301F-11D3-BF4B-00C04F79EFBC}") = "ELBORAI.UnitTests", "ELBORAI.UnitTests\ELBORAI.UnitTests.csproj", "{D42D48F2-874D-4C0A-A13F-F82AD5134DF8}"
EndProject
Project("{FAE04EC0-301F-11D3-BF4B-00C04F79EFBC}") = "ELBORAI.IntegrationTests", "ELBORAI.IntegrationTests\ELBORAI.IntegrationTests.csproj", "{6EA21AC6-6CF8-416A-B490-930E9460640F}"
EndProject
Global
	GlobalSection(SolutionConfigurationPlatforms) = preSolution
		Debug|Any CPU = Debug|Any CPU
		Release|Any CPU = Release|Any CPU
	EndGlobalSection
	GlobalSection(ProjectConfigurationPlatforms) = postSolution
		{5F4457AA-C087-400F-8CC5-1E5AFDB1D6F7}.Debug|Any CPU.ActiveCfg = Debug|Any CPU
		{5F4457AA-C087-400F-8CC5-1E5AFDB1D6F7}.Debug|Any CPU.Build.0 = Debug|Any CPU
		{5F4457AA-C087-400F-8CC5-1E5AFDB1D6F7}.Release|Any CPU.ActiveCfg = Release|Any CPU
		{5F4457AA-C087-400F-8CC5-1E5AFDB1D6F7}.Release|Any CPU.Build.0 = Release|Any CPU
		{08E495DE-84EE-4D4D-AB81-CADCF735D793}.Debug|Any CPU.ActiveCfg = Debug|Any CPU
		{08E495DE-84EE-4D4D-AB81-CADCF735D793}.Debug|Any CPU.Build.0 = Debug|Any CPU
		{08E495DE-84EE-4D4D-AB81-CADCF735D793}.Release|Any CPU.ActiveCfg = Release|Any CPU
		{08E495DE-84EE-4D4D-AB81-CADCF735D793}.Release|Any CPU.Build.0 = Release|Any CPU
		{2944C69B-C322-41A7-9576-B25A0222F77D}.Debug|Any CPU.ActiveCfg = Debug|Any CPU
		{2944C69B-C322-41A7-9576-B25A0222F77D}.Debug|Any CPU.Build.0 = Debug|Any CPU
		{2944C69B-C322-41A7-9576-B25A0222F77D}.Release|Any CPU.ActiveCfg = Release|Any CPU
		{2944C69B-C322-41A7-9576-B25A0222F77D}.Release|Any CPU.Build.0 = Release|Any CPU
		{E25DF259-BBF5-4DB9-B63D-1C16780099B5}.Debug|Any CPU.ActiveCfg = Debug|Any CPU
		{E25DF259-BBF5-4DB9-B63D-1C16780099B5}.Debug|Any CPU.Build.0 = Debug|Any CPU
		{E25DF259-BBF5-4DB9-B63D-1C16780099B5}.Release|Any CPU.ActiveCfg = Release|Any CPU
		{E25DF259-BBF5-4DB9-B63D-1C16780099B5}.Release|Any CPU.Build.0 = Release|Any CPU
		{D42D48F2-874D-4C0A-A13F-F82AD5134DF8}.Debug|Any CPU.ActiveCfg = Debug|Any CPU
		{D42D48F2-874D-4C0A-A13F-F82AD5134DF8}.Debug|Any CPU.Build.0 = Debug|Any CPU
		{D42D48F2-874D-4C0A-A13F-F82AD5134DF8}.Release|Any CPU.ActiveCfg = Release|Any CPU
		{D42D48F2-874D-4C0A-A13F-F82AD5134DF8}.Release|Any CPU.Build.0 = Release|Any CPU
		{6EA21AC6-6CF8-416A-B490-930E9460640F}.Debug|Any CPU.ActiveCfg = Debug|Any CPU
		{6EA21AC6-6CF8-416A-B490-930E9460640F}.Debug|Any CPU.Build.0 = Debug|Any CPU
		{6EA21AC6-6CF8-416A-B490-930E9460640F}.Release|Any CPU.ActiveCfg = Release|Any CPU
		{6EA21AC6-6CF8-416A-B490-930E9460640F}.Release|Any CPU.Build.0 = Release|Any CPU
	EndGlobalSection
	GlobalSection(SolutionProperties) = preSolution
		HideSolutionNode = FALSE
	EndGlobalSection
	GlobalSection(NestedProjects) = preSolution
		{5F4457AA-C087-400F-8CC5-1E5AFDB1D6F7} = {499BCB2F-BC31-4E09-9A13-CFC5E1A30310}
		{08E495DE-84EE-4D4D-AB81-CADCF735D793} = {499BCB2F-BC31-4E09-9A13-CFC5E1A30310}
		{2944C69B-C322-41A7-9576-B25A0222F77D} = {499BCB2F-BC31-4E09-9A13-CFC5E1A30310}
		{E25DF259-BBF5-4DB9-B63D-1C16780099B5} = {499BCB2F-BC31-4E09-9A13-CFC5E1A30310}
		{D42D48F2-874D-4C0A-A13F-F82AD5134DF8} = {7F78EFAE-919A-4BCB-A316-58EA9D4EBFB2}
		{6EA21AC6-6CF8-416A-B490-930E9460640F} = {7F78EFAE-919A-4BCB-A316-58EA9D4EBFB2}
	EndGlobalSection
	GlobalSection(ExtensibilityGlobals) = postSolution
		SolutionGuid = {B5F7F2DC-EFBA-4125-B94F-22BFE824FB0E}
	EndGlobalSection
EndGlobal
